{
  "name": "npsh",
  "version": "1.0.8",
  "lockfileVersion": 2,
  "requires": true,
  "packages": {
    "": {
      "name": "npsh",
      "version": "1.0.8",
      "license": "MIT",
      "bin": {
        "nph.bin": "bin.js bin",
        "nph.hooks": "bin.js hooks",
        "nph.svc": "bin.js svc"
      }
    }
  }
}
