{
  "name": "@andr-ll/nph",
  "version": "1.0.4",
  "lockfileVersion": 2,
  "requires": true,
  "packages": {
    "": {
      "name": "@andr-ll/nph",
      "version": "1.0.4",
      "license": "MIT",
      "bin": {
        "nph.bin": "build_bin.js",
        "nph.hooks": "hooks/bin.js",
        "nph.svc": "svc.js"
      }
    }
  }
}
